
Microsoft Visual Studio Solution File, Format Version 12.00
# Visual Studio Version 17
VisualStudioVersion = 17.3.32929.385
MinimumVisualStudioVersion = 10.0.40219.1
Project("{9A19103F-16F7-4668-BE54-9A1E7A4F7556}") = "GSI47543", "GSI47543\GSI47543.csproj", "{BA438C01-7C0D-4DF4-B929-3AC8E6DFC309}"
EndProject
Project("{9A19103F-16F7-4668-BE54-9A1E7A4F7556}") = "GSI47543.Service", "GSI47543.Service\GSI47543.Service.csproj", "{C0CE8702-5557-4D49-8CD6-57B5A16F1036}"
EndProject
Project("{9A19103F-16F7-4668-BE54-9A1E7A4F7556}") = "GSI47543.AD", "GSI47543.AD\GSI47543.AD.csproj", "{41746559-849B-4D8D-A36A-C84A9E2F10F2}"
EndProject
Project("{9A19103F-16F7-4668-BE54-9A1E7A4F7556}") = "GSI47543.DB", "GSI47543.DB\GSI47543.DB.csproj", "{300A8BAC-412F-4D32-A310-BC042F3D514E}"
EndProject
Project("{FAE04EC0-301F-11D3-BF4B-00C04F79EFBC}") = "DTO", "DTO\DTO.csproj", "{D22D7DCA-CCA9-4C8B-8414-BAFDE3AA051C}"
EndProject
Global
	GlobalSection(SolutionConfigurationPlatforms) = preSolution
		Debug|Any CPU = Debug|Any CPU
		Release|Any CPU = Release|Any CPU
	EndGlobalSection
	GlobalSection(ProjectConfigurationPlatforms) = postSolution
		{BA438C01-7C0D-4DF4-B929-3AC8E6DFC309}.Debug|Any CPU.ActiveCfg = Debug|Any CPU
		{BA438C01-7C0D-4DF4-B929-3AC8E6DFC309}.Debug|Any CPU.Build.0 = Debug|Any CPU
		{BA438C01-7C0D-4DF4-B929-3AC8E6DFC309}.Release|Any CPU.ActiveCfg = Release|Any CPU
		{BA438C01-7C0D-4DF4-B929-3AC8E6DFC309}.Release|Any CPU.Build.0 = Release|Any CPU
		{C0CE8702-5557-4D49-8CD6-57B5A16F1036}.Debug|Any CPU.ActiveCfg = Debug|Any CPU
		{C0CE8702-5557-4D49-8CD6-57B5A16F1036}.Debug|Any CPU.Build.0 = Debug|Any CPU
		{C0CE8702-5557-4D49-8CD6-57B5A16F1036}.Release|Any CPU.ActiveCfg = Release|Any CPU
		{C0CE8702-5557-4D49-8CD6-57B5A16F1036}.Release|Any CPU.Build.0 = Release|Any CPU
		{41746559-849B-4D8D-A36A-C84A9E2F10F2}.Debug|Any CPU.ActiveCfg = Debug|Any CPU
		{41746559-849B-4D8D-A36A-C84A9E2F10F2}.Debug|Any CPU.Build.0 = Debug|Any CPU
		{41746559-849B-4D8D-A36A-C84A9E2F10F2}.Release|Any CPU.ActiveCfg = Release|Any CPU
		{41746559-849B-4D8D-A36A-C84A9E2F10F2}.Release|Any CPU.Build.0 = Release|Any CPU
		{300A8BAC-412F-4D32-A310-BC042F3D514E}.Debug|Any CPU.ActiveCfg = Debug|Any CPU
		{300A8BAC-412F-4D32-A310-BC042F3D514E}.Debug|Any CPU.Build.0 = Debug|Any CPU
		{300A8BAC-412F-4D32-A310-BC042F3D514E}.Release|Any CPU.ActiveCfg = Release|Any CPU
		{300A8BAC-412F-4D32-A310-BC042F3D514E}.Release|Any CPU.Build.0 = Release|Any CPU
		{D22D7DCA-CCA9-4C8B-8414-BAFDE3AA051C}.Debug|Any CPU.ActiveCfg = Debug|Any CPU
		{D22D7DCA-CCA9-4C8B-8414-BAFDE3AA051C}.Debug|Any CPU.Build.0 = Debug|Any CPU
		{D22D7DCA-CCA9-4C8B-8414-BAFDE3AA051C}.Release|Any CPU.ActiveCfg = Release|Any CPU
		{D22D7DCA-CCA9-4C8B-8414-BAFDE3AA051C}.Release|Any CPU.Build.0 = Release|Any CPU
	EndGlobalSection
	GlobalSection(SolutionProperties) = preSolution
		HideSolutionNode = FALSE
	EndGlobalSection
	GlobalSection(ExtensibilityGlobals) = postSolution
		SolutionGuid = {7E0FC6F8-FF36-412E-B8CF-1F56CC5F54CD}
	EndGlobalSection
EndGlobal
